// !$*UTF8*$!
{
	archiveVersion = 1;
	classes = {
	};
	objectVersion = 50;
	objects = {

/* Begin PBXBuildFile section */
		ECA5763C250BA99A0024DCDF /* AppDelegate.swift in Sources */ = {isa = PBXBuildFile; fileRef = ECA5763B250BA99A0024DCDF /* AppDelegate.swift */; };
		ECA5763E250BA99A0024DCDF /* SceneDelegate.swift in Sources */ = {isa = PBXBuildFile; fileRef = ECA5763D250BA99A0024DCDF /* SceneDelegate.swift */; };
		ECA57640250BA99A0024DCDF /* ViewController.swift in Sources */ = {isa = PBXBuildFile; fileRef = ECA5763F250BA99A0024DCDF /* ViewController.swift */; };
		ECA57643250BA99A0024DCDF /* Main.storyboard in Resources */ = {isa = PBXBuildFile; fileRef = ECA57641250BA99A0024DCDF /* Main.storyboard */; };
		ECA57645250BA99D0024DCDF /* Assets.xcassets in Resources */ = {isa = PBXBuildFile; fileRef = ECA57644250BA99D0024DCDF /* Assets.xcassets */; };
		ECA57648250BA99D0024DCDF /* LaunchScreen.storyboard in Resources */ = {isa = PBXBuildFile; fileRef = ECA57646250BA99D0024DCDF /* LaunchScreen.storyboard */; };
/* End PBXBuildFile section */

/* Begin PBXFileReference section */
		ECA57638250BA99A0024DCDF /* GambarCuaca.app */ = {isa = PBXFileReference; explicitFileType = wrapper.application; includeInIndex = 0; path = GambarCuaca.app; sourceTree = BUILT_PRODUCTS_DIR; };
		ECA5763B250BA99A0024DCDF /* AppDelegate.swift */ = {isa = PBXFileReference; lastKnownFileType = sourcecode.swift; path = AppDelegate.swift; sourceTree = "<group>"; };
		ECA5763D250BA99A0024DCDF /* SceneDelegate.swift */ = {isa = PBXFileReference; lastKnownFileType = sourcecode.swift; path = SceneDelegate.swift; sourceTree = "<group>"; };
		ECA5763F250BA99A0024DCDF /* ViewController.swift */ = {isa = PBXFileReference; lastKnownFileType = sourcecode.swift; path = ViewController.swift; sourceTree = "<group>"; };
		ECA57642250BA99A0024DCDF /* Base */ = {isa = PBXFileReference; lastKnownFileType = file.storyboard; name = Base; path = Base.lproj/Main.storyboard; sourceTree = "<group>"; };
		ECA57644250BA99D0024DCDF /* Assets.xcassets */ = {isa = PBXFileReference; lastKnownFileType = folder.assetcatalog; path = Assets.xcassets; sourceTree = "<group>"; };
		ECA57647250BA99D0024DCDF /* Base */ = {isa = PBXFileReference; lastKnownFileType = file.storyboard; name = Base; path = Base.lproj/LaunchScreen.storyboard; sourceTree = "<group>"; };
		ECA57649250BA99D0024DCDF /* Info.plist */ = {isa = PBXFileReference; lastKnownFileType = text.plist.xml; path = Info.plist; sourceTree = "<group>"; };
/* End PBXFileReference section */

/* Begin PBXFrameworksBuildPhase section */
		ECA57635250BA99A0024DCDF /* Frameworks */ = {
			isa = PBXFrameworksBuildPhase;
			buildActionMask = 2147483647;
			files = (
			);
			runOnlyForDeploymentPostprocessing = 0;
		};
/* End PBXFrameworksBuildPhase section */

/* Begin PBXGroup section */
		ECA5762F250BA99A0024DCDF = {
			isa = PBXGroup;
			children = (
				ECA5763A250BA99A0024DCDF /* GambarCuaca */,
				ECA57639250BA99A0024DCDF /* Products */,
			);
			sourceTree = "<group>";
		};
		ECA57639250BA99A0024DCDF /* Products */ = {
			isa = PBXGroup;
			children = (
				ECA57638250BA99A0024DCDF /* GambarCuaca.app */,
			);
			name = Products;
			sourceTree = "<group>";
		};
		ECA5763A250BA99A0024DCDF /* GambarCuaca */ = {
			isa = PBXGroup;
			children = (
				ECA5763B250BA99A0024DCDF /* AppDelegate.swift */,
				ECA5763D250BA99A0024DCDF /* SceneDelegate.swift */,
				ECA5763F250BA99A0024DCDF /* ViewController.swift */,
				ECA57641250BA99A0024DCDF /* Main.storyboard */,
				ECA57644250BA99D0024DCDF /* Assets.xcassets */,
				ECA57646250BA99D0024DCDF /* LaunchScreen.storyboard */,
				ECA57649250BA99D0024DCDF /* Info.plist */,
			);
			path = GambarCuaca;
			sourceTree = "<group>";
		};
/* End PBXGroup section */

/* Begin PBXNativeTarget section */
		ECA57637250BA99A0024DCDF /* GambarCuaca */ = {
			isa = PBXNativeTarget;
			buildConfigurationList = ECA5764C250BA99D0024DCDF /* Build configuration list for PBXNativeTarget "GambarCuaca" */;
			buildPhases = (
				ECA57634250BA99A0024DCDF /* Sources */,
				ECA57635250BA99A0024DCDF /* Frameworks */,
				ECA57636250BA99A0024DCDF /* Resources */,
			);
			buildRules = (
			);
			dependencies = (
			);
			name = GambarCuaca;
			productName = GambarCuaca;
			productReference = ECA57638250BA99A0024DCDF /* GambarCuaca.app */;
			productType = "com.apple.product-type.application";
		};
/* End PBXNativeTarget section */

/* Begin PBXProject section */
		ECA57630250BA99A0024DCDF /* Project object */ = {
			isa = PBXProject;
			attributes = {
				LastSwiftUpdateCheck = 1160;
				LastUpgradeCheck = 1160;
				ORGANIZATIONNAME = "Ismail .";
				TargetAttributes = {
					ECA57637250BA99A0024DCDF = {
						CreatedOnToolsVersion = 11.6;
					};
				};
			};
			buildConfigurationList = ECA57633250BA99A0024DCDF /* Build configuration list for PBXProject "GambarCuaca" */;
			compatibilityVersion = "Xcode 9.3";
			developmentRegion = en;
			hasScannedForEncodings = 0;
			knownRegions = (
				en,
				Base,
			);
			mainGroup = ECA5762F250BA99A0024DCDF;
			productRefGroup = ECA57639250BA99A0024DCDF /* Products */;
			projectDirPath = "";
			projectRoot = "";
			targets = (
				ECA57637250BA99A0024DCDF /* GambarCuaca */,
			);
		};
/* End PBXProject section */

/* Begin PBXResourcesBuildPhase section */
		ECA57636250BA99A0024DCDF /* Resources */ = {
			isa = PBXResourcesBuildPhase;
			buildActionMask = 2147483647;
			files = (
				ECA57648250BA99D0024DCDF /* LaunchScreen.storyboard in Resources */,
				ECA57645250BA99D0024DCDF /* Assets.xcassets in Resources */,
				ECA57643250BA99A0024DCDF /* Main.storyboard in Resources */,
			);
			runOnlyForDeploymentPostprocessing = 0;
		};
/* End PBXResourcesBuildPhase section */

/* Begin PBXSourcesBuildPhase section */
		ECA57634250BA99A0024DCDF /* Sources */ = {
			isa = PBXSourcesBuildPhase;
			buildActionMask = 2147483647;
			files = (
				ECA57640250BA99A0024DCDF /* ViewController.swift in Sources */,
				ECA5763C250BA99A0024DCDF /* AppDelegate.swift in Sources */,
				ECA5763E250BA99A0024DCDF /* SceneDelegate.swift in Sources */,
			);
			runOnlyForDeploymentPostprocessing = 0;
		};
/* End PBXSourcesBuildPhase section */

/* Begin PBXVariantGroup section */
		ECA57641250BA99A0024DCDF /* Main.storyboard */ = {
			isa = PBXVariantGroup;
			children = (
				ECA57642250BA99A0024DCDF /* Base */,
			);
			name = Main.storyboard;
			sourceTree = "<group>";
		};
		ECA57646250BA99D0024DCDF /* LaunchScreen.storyboard */ = {
			isa = PBXVariantGroup;
			children = (
				ECA57647250BA99D0024DCDF /* Base */,
			);
			name = LaunchScreen.storyboard;
			sourceTree = "<group>";
		};
/* End PBXVariantGroup section */

/* Begin XCBuildConfiguration section */
		ECA5764A250BA99D0024DCDF /* Debug */ = {
			isa = XCBuildConfiguration;
			buildSettings = {
				ALWAYS_SEARCH_USER_PATHS = NO;
				CLANG_ANALYZER_NONNULL = YES;
				CLANG_ANALYZER_NUMBER_OBJECT_CONVERSION = YES_AGGRESSIVE;
				CLANG_CXX_LANGUAGE_STANDARD = "gnu++14";
				CLANG_CXX_LIBRARY = "libc++";
				CLANG_ENABLE_MODULES = YES;
				CLANG_ENABLE_OBJC_ARC = YES;
				CLANG_ENABLE_OBJC_WEAK = YES;
				CLANG_WARN_BLOCK_CAPTURE_AUTORELEASING = YES;
				CLANG_WARN_BOOL_CONVERSION = YES;
				CLANG_WARN_COMMA = YES;
				CLANG_WARN_CONSTANT_CONVERSION = YES;
				CLANG_WARN_DEPRECATED_OBJC_IMPLEMENTATIONS = YES;
				CLANG_WARN_DIRECT_OBJC_ISA_USAGE = YES_ERROR;
				CLANG_WARN_DOCUMENTATION_COMMENTS = YES;
				CLANG_WARN_EMPTY_BODY = YES;
				CLANG_WARN_ENUM_CONVERSION = YES;
				CLANG_WARN_INFINITE_RECURSION = YES;
				CLANG_WARN_INT_CONVERSION = YES;
				CLANG_WARN_NON_LITERAL_NULL_CONVERSION = YES;
				CLANG_WARN_OBJC_IMPLICIT_RETAIN_SELF = YES;
				CLANG_WARN_OBJC_LITERAL_CONVERSION = YES;
				CLANG_WARN_OBJC_ROOT_CLASS = YES_ERROR;
				CLANG_WARN_RANGE_LOOP_ANALYSIS = YES;
				CLANG_WARN_STRICT_PROTOTYPES = YES;
				CLANG_WARN_SUSPICIOUS_MOVE = YES;
				CLANG_WARN_UNGUARDED_AVAILABILITY = YES_AGGRESSIVE;
				CLANG_WARN_UNREACHABLE_CODE = YES;
				CLANG_WARN__DUPLICATE_METHOD_MATCH = YES;
				COPY_PHASE_STRIP = NO;
				DEBUG_INFORMATION_FORMAT = dwarf;
				ENABLE_STRICT_OBJC_MSGSEND = YES;
				ENABLE_TESTABILITY = YES;
				GCC_C_LANGUAGE_STANDARD = gnu11;
				GCC_DYNAMIC_NO_PIC = NO;
				GCC_NO_COMMON_BLOCKS = YES;
				GCC_OPTIMIZATION_LEVEL = 0;
				GCC_PREPROCESSOR_DEFINITIONS = (
					"DEBUG=1",
					"$(inherited)",
				);
				GCC_WARN_64_TO_32_BIT_CONVERSION = YES;
				GCC_WARN_ABOUT_RETURN_TYPE = YES_ERROR;
				GCC_WARN_UNDECLARED_SELECTOR = YES;
				GCC_WARN_UNINITIALIZED_AUTOS = YES_AGGRESSIVE;
				GCC_WARN_UNUSED_FUNCTION = YES;
				GCC_WARN_UNUSED_VARIABLE = YES;
				IPHONEOS_DEPLOYMENT_TARGET = 13.6;
				MTL_ENABLE_DEBUG_INFO = INCLUDE_SOURCE;
				MTL_FAST_MATH = YES;
				ONLY_ACTIVE_ARCH = YES;
				SDKROOT = iphoneos;
				SWIFT_ACTIVE_COMPILATION_CONDITIONS = DEBUG;
				SWIFT_OPTIMIZATION_LEVEL = "-Onone";
			};
			name = Debug;
		};
		ECA5764B250BA99D0024DCDF /* Release */ = {
			isa = XCBuildConfiguration;
			buildSettings = {
				ALWAYS_SEARCH_USER_PATHS = NO;
				CLANG_ANALYZER_NONNULL = YES;
				CLANG_ANALYZER_NUMBER_OBJECT_CONVERSION = YES_AGGRESSIVE;
				CLANG_CXX_LANGUAGE_STANDARD = "gnu++14";
				CLANG_CXX_LIBRARY = "libc++";
				CLANG_ENABLE_MODULES = YES;
				CLANG_ENABLE_OBJC_ARC = YES;
				CLANG_ENABLE_OBJC_WEAK = YES;
				CLANG_WARN_BLOCK_CAPTURE_AUTORELEASING = YES;
				CLANG_WARN_BOOL_CONVERSION = YES;
				CLANG_WARN_COMMA = YES;
				CLANG_WARN_CONSTANT_CONVERSION = YES;
				CLANG_WARN_DEPRECATED_OBJC_IMPLEMENTATIONS = YES;
				CLANG_WARN_DIRECT_OBJC_ISA_USAGE = YES_ERROR;
				CLANG_WARN_DOCUMENTATION_COMMENTS = YES;
				CLANG_WARN_EMPTY_BODY = YES;
				CLANG_WARN_ENUM_CONVERSION = YES;
				CLANG_WARN_INFINITE_RECURSION = YES;
				CLANG_WARN_INT_CONVERSION = YES;
				CLANG_WARN_NON_LITERAL_NULL_CONVERSION = YES;
				CLANG_WARN_OBJC_IMPLICIT_RETAIN_SELF = YES;
				CLANG_WARN_OBJC_LITERAL_CONVERSION = YES;
				CLANG_WARN_OBJC_ROOT_CLASS = YES_ERROR;
				CLANG_WARN_RANGE_LOOP_ANALYSIS = YES;
				CLANG_WARN_STRICT_PROTOTYPES = YES;
				CLANG_WARN_SUSPICIOUS_MOVE = YES;
				CLANG_WARN_UNGUARDED_AVAILABILITY = YES_AGGRESSIVE;
				CLANG_WARN_UNREACHABLE_CODE = YES;
				CLANG_WARN__DUPLICATE_METHOD_MATCH = YES;
				COPY_PHASE_STRIP = NO;
				DEBUG_INFORMATION_FORMAT = "dwarf-with-dsym";
				ENABLE_NS_ASSERTIONS = NO;
				ENABLE_STRICT_OBJC_MSGSEND = YES;
				GCC_C_LANGUAGE_STANDARD = gnu11;
				GCC_NO_COMMON_BLOCKS = YES;
				GCC_WARN_64_TO_32_BIT_CONVERSION = YES;
				GCC_WARN_ABOUT_RETURN_TYPE = YES_ERROR;
				GCC_WARN_UNDECLARED_SELECTOR = YES;
				GCC_WARN_UNINITIALIZED_AUTOS = YES_AGGRESSIVE;
				GCC_WARN_UNUSED_FUNCTION = YES;
				GCC_WARN_UNUSED_VARIABLE = YES;
				IPHONEOS_DEPLOYMENT_TARGET = 13.6;
				MTL_ENABLE_DEBUG_INFO = NO;
				MTL_FAST_MATH = YES;
				SDKROOT = iphoneos;
				SWIFT_COMPILATION_MODE = wholemodule;
				SWIFT_OPTIMIZATION_LEVEL = "-O";
				VALIDATE_PRODUCT = YES;
			};
			name = Release;
		};
		ECA5764D250BA99D0024DCDF /* Debug */ = {
			isa = XCBuildConfiguration;
			buildSettings = {
				ASSETCATALOG_COMPILER_APPICON_NAME = AppIcon;
				CODE_SIGN_STYLE = Automatic;
				DEVELOPMENT_TEAM = C8XJKQSAWS;
				INFOPLIST_FILE = GambarCuaca/Info.plist;
				LD_RUNPATH_SEARCH_PATHS = (
					"$(inherited)",
					"@executable_path/Frameworks",
				);
				PRODUCT_BUNDLE_IDENTIFIER = com.ismail..GambarCuaca;
				PRODUCT_NAME = "$(TARGET_NAME)";
				SWIFT_VERSION = 5.0;
				TARGETED_DEVICE_FAMILY = "1,2";
			};
			name = Debug;
		};
		ECA5764E250BA99D0024DCDF /* Release */ = {
			isa = XCBuildConfiguration;
			buildSettings = {
				ASSETCATALOG_COMPILER_APPICON_NAME = AppIcon;
				CODE_SIGN_STYLE = Automatic;
				DEVELOPMENT_TEAM = C8XJKQSAWS;
				INFOPLIST_FILE = GambarCuaca/Info.plist;
				LD_RUNPATH_SEARCH_PATHS = (
					"$(inherited)",
					"@executable_path/Frameworks",
				);
				PRODUCT_BUNDLE_IDENTIFIER = com.ismail..GambarCuaca;
				PRODUCT_NAME = "$(TARGET_NAME)";
				SWIFT_VERSION = 5.0;
				TARGETED_DEVICE_FAMILY = "1,2";
			};
			name = Release;
		};
/* End XCBuildConfiguration section */

/* Begin XCConfigurationList section */
		ECA57633250BA99A0024DCDF /* Build configuration list for PBXProject "GambarCuaca" */ = {
			isa = XCConfigurationList;
			buildConfigurations = (
				ECA5764A250BA99D0024DCDF /* Debug */,
				ECA5764B250BA99D0024DCDF /* Release */,
			);
			defaultConfigurationIsVisible = 0;
			defaultConfigurationName = Release;
		};
		ECA5764C250BA99D0024DCDF /* Build configuration list for PBXNativeTarget "GambarCuaca" */ = {
			isa = XCConfigurationList;
			buildConfigurations = (
				ECA5764D250BA99D0024DCDF /* Debug */,
				ECA5764E250BA99D0024DCDF /* Release */,
			);
			defaultConfigurationIsVisible = 0;
			defaultConfigurationName = Release;
		};
/* End XCConfigurationList section */
	};
	rootObject = ECA57630250BA99A0024DCDF /* Project object */;
}
